// !$*UTF8*$!
{
	archiveVersion = 1;
	classes = {
	};
	objectVersion = 46;
	objects = {

/* Begin PBXBuildFile section */
		DA152B0F1D3E7EAB00568204 /* DUbikModel.xcdatamodeld in Sources */ = {isa = PBXBuildFile; fileRef = DA152B0D1D3E7EAB00568204 /* DUbikModel.xcdatamodeld */; };
		DA152B121D3E810F00568204 /* DManagerModelUbik.swift in Sources */ = {isa = PBXBuildFile; fileRef = DA152B111D3E810F00568204 /* DManagerModelUbik.swift */; };
		DA152B311D3E82A900568204 /* DUbikDevice.swift in Sources */ = {isa = PBXBuildFile; fileRef = DA152B2B1D3E82A900568204 /* DUbikDevice.swift */; };
		DA152B321D3E82A900568204 /* DUbikDevice+CoreDataProperties.swift in Sources */ = {isa = PBXBuildFile; fileRef = DA152B2C1D3E82A900568204 /* DUbikDevice+CoreDataProperties.swift */; };
		DA152B331D3E82A900568204 /* DUbikHike.swift in Sources */ = {isa = PBXBuildFile; fileRef = DA152B2D1D3E82A900568204 /* DUbikHike.swift */; };
		DA152B341D3E82A900568204 /* DUbikHike+CoreDataProperties.swift in Sources */ = {isa = PBXBuildFile; fileRef = DA152B2E1D3E82A900568204 /* DUbikHike+CoreDataProperties.swift */; };
		DA152B351D3E82A900568204 /* DUbikSession.swift in Sources */ = {isa = PBXBuildFile; fileRef = DA152B2F1D3E82A900568204 /* DUbikSession.swift */; };
		DA152B361D3E82A900568204 /* DUbikSession+CoreDataProperties.swift in Sources */ = {isa = PBXBuildFile; fileRef = DA152B301D3E82A900568204 /* DUbikSession+CoreDataProperties.swift */; };
		DA152B391D3E841400568204 /* MSession.swift in Sources */ = {isa = PBXBuildFile; fileRef = DA152B381D3E841400568204 /* MSession.swift */; };
		DA152B3B1D3E912900568204 /* CategoryNSManagerdObject.swift in Sources */ = {isa = PBXBuildFile; fileRef = DA152B3A1D3E912900568204 /* CategoryNSManagerdObject.swift */; };
		DA152B3E1D3E968900568204 /* CLanding.swift in Sources */ = {isa = PBXBuildFile; fileRef = DA152B3D1D3E968900568204 /* CLanding.swift */; };
		DA152B411D3E96B800568204 /* VLanding.swift in Sources */ = {isa = PBXBuildFile; fileRef = DA152B401D3E96B800568204 /* VLanding.swift */; };
		DA152B431D3E9E7B00568204 /* MHealthLoadDelegate.swift in Sources */ = {isa = PBXBuildFile; fileRef = DA152B421D3E9E7B00568204 /* MHealthLoadDelegate.swift */; };
		DA152B451D3EA72100568204 /* MHealthModel.swift in Sources */ = {isa = PBXBuildFile; fileRef = DA152B441D3EA72100568204 /* MHealthModel.swift */; };
		DA152B471D3EA72D00568204 /* MHealthModelItem.swift in Sources */ = {isa = PBXBuildFile; fileRef = DA152B461D3EA72D00568204 /* MHealthModelItem.swift */; };
		DA2AFAD51D3D2594000B6E44 /* VSettingsCellCheck.swift in Sources */ = {isa = PBXBuildFile; fileRef = DA2AFAD41D3D2594000B6E44 /* VSettingsCellCheck.swift */; };
		DA2AFAD71D3D2EAB000B6E44 /* brand.xcassets in Resources */ = {isa = PBXBuildFile; fileRef = DA2AFAD61D3D2EAB000B6E44 /* brand.xcassets */; };
		DA2AFAD91D3D3500000B6E44 /* VSettingsHeader.swift in Sources */ = {isa = PBXBuildFile; fileRef = DA2AFAD81D3D3500000B6E44 /* VSettingsHeader.swift */; };
		DA2C38BD1D30619800977D50 /* VMainLoader.swift in Sources */ = {isa = PBXBuildFile; fileRef = DA2C38BC1D30619800977D50 /* VMainLoader.swift */; };
		DA2C7D1D1D3C4746005FFDB0 /* VHistoryChartTouch.swift in Sources */ = {isa = PBXBuildFile; fileRef = DA2C7D1C1D3C4746005FFDB0 /* VHistoryChartTouch.swift */; };
		DA2C7D1F1D3C5652005FFDB0 /* VHistoryChartDisplay.swift in Sources */ = {isa = PBXBuildFile; fileRef = DA2C7D1E1D3C5652005FFDB0 /* VHistoryChartDisplay.swift */; };
		DA2C7D221D3D1A2C005FFDB0 /* CSettings.swift in Sources */ = {isa = PBXBuildFile; fileRef = DA2C7D211D3D1A2C005FFDB0 /* CSettings.swift */; };
		DA2C7D251D3D1A45005FFDB0 /* VSettings.swift in Sources */ = {isa = PBXBuildFile; fileRef = DA2C7D241D3D1A45005FFDB0 /* VSettings.swift */; };
		DA2C7D281D3D1A56005FFDB0 /* MSettings.swift in Sources */ = {isa = PBXBuildFile; fileRef = DA2C7D271D3D1A56005FFDB0 /* MSettings.swift */; };
		DA2C7D2A1D3D1EB4005FFDB0 /* MSettingsSection.swift in Sources */ = {isa = PBXBuildFile; fileRef = DA2C7D291D3D1EB4005FFDB0 /* MSettingsSection.swift */; };
		DA2C7D2C1D3D1EBD005FFDB0 /* MSettingsItem.swift in Sources */ = {isa = PBXBuildFile; fileRef = DA2C7D2B1D3D1EBD005FFDB0 /* MSettingsItem.swift */; };
		DA2C7D2E1D3D1F21005FFDB0 /* MSettingsSectionConfig.swift in Sources */ = {isa = PBXBuildFile; fileRef = DA2C7D2D1D3D1F21005FFDB0 /* MSettingsSectionConfig.swift */; };
		DA2C7D301D3D1F2F005FFDB0 /* MSettingsItemNotifications.swift in Sources */ = {isa = PBXBuildFile; fileRef = DA2C7D2F1D3D1F2F005FFDB0 /* MSettingsItemNotifications.swift */; };
		DA2C7D321D3D2529005FFDB0 /* VSettingsCell.swift in Sources */ = {isa = PBXBuildFile; fileRef = DA2C7D311D3D2529005FFDB0 /* VSettingsCell.swift */; };
		DA3E0ADA1D3DBAF000906E81 /* CategoryUILocalNotification.swift in Sources */ = {isa = PBXBuildFile; fileRef = DA3E0AD91D3DBAF000906E81 /* CategoryUILocalNotification.swift */; };
		DA4A47E21D41B0B100D8E065 /* VSummaryFooter.swift in Sources */ = {isa = PBXBuildFile; fileRef = DA4A47E11D41B0B100D8E065 /* VSummaryFooter.swift */; };
		DA4A47E51D41B37200D8E065 /* MSummary.swift in Sources */ = {isa = PBXBuildFile; fileRef = DA4A47E41D41B37200D8E065 /* MSummary.swift */; };
		DA4A47E71D41B43100D8E065 /* MSummaryItem.swift in Sources */ = {isa = PBXBuildFile; fileRef = DA4A47E61D41B43100D8E065 /* MSummaryItem.swift */; };
		DA4A47E91D41B4BE00D8E065 /* VSummaryFooterCell.swift in Sources */ = {isa = PBXBuildFile; fileRef = DA4A47E81D41B4BE00D8E065 /* VSummaryFooterCell.swift */; };
		DA4A47EB1D41B91800D8E065 /* VComponentPay.swift in Sources */ = {isa = PBXBuildFile; fileRef = DA4A47EA1D41B91800D8E065 /* VComponentPay.swift */; };
		DA4A47EE1D41BA1D00D8E065 /* MComponentPay.swift in Sources */ = {isa = PBXBuildFile; fileRef = DA4A47ED1D41BA1D00D8E065 /* MComponentPay.swift */; };
		DA4A47F01D41BA2900D8E065 /* MComponentPaySteps.swift in Sources */ = {isa = PBXBuildFile; fileRef = DA4A47EF1D41BA2900D8E065 /* MComponentPaySteps.swift */; };
		DA4A47F21D41BA3600D8E065 /* MComponentPayTime.swift in Sources */ = {isa = PBXBuildFile; fileRef = DA4A47F11D41BA3600D8E065 /* MComponentPayTime.swift */; };
		DA4A47F41D41BC4500D8E065 /* VComponentPayBase.swift in Sources */ = {isa = PBXBuildFile; fileRef = DA4A47F31D41BC4500D8E065 /* VComponentPayBase.swift */; };
		DA4A47F61D41BE2400D8E065 /* MSummaryItemSteps.swift in Sources */ = {isa = PBXBuildFile; fileRef = DA4A47F51D41BE2400D8E065 /* MSummaryItemSteps.swift */; };
		DA4A47F81D41BE2E00D8E065 /* MSummaryItemTime.swift in Sources */ = {isa = PBXBuildFile; fileRef = DA4A47F71D41BE2E00D8E065 /* MSummaryItemTime.swift */; };
		DA55F34D1D33081D00BBF21F /* CategoryNSDate.swift in Sources */ = {isa = PBXBuildFile; fileRef = DA55F34C1D33081D00BBF21F /* CategoryNSDate.swift */; };
		DA55F34F1D3314EA00BBF21F /* VMainBarButtonConfig.swift in Sources */ = {isa = PBXBuildFile; fileRef = DA55F34E1D3314EA00BBF21F /* VMainBarButtonConfig.swift */; };
		DA55F3511D33192E00BBF21F /* VMainBarButtonSummary.swift in Sources */ = {isa = PBXBuildFile; fileRef = DA55F3501D33192E00BBF21F /* VMainBarButtonSummary.swift */; };
		DA55F3541D33493D00BBF21F /* CHistory.swift in Sources */ = {isa = PBXBuildFile; fileRef = DA55F3531D33493D00BBF21F /* CHistory.swift */; };
		DA55F3571D334A0D00BBF21F /* VHistory.swift in Sources */ = {isa = PBXBuildFile; fileRef = DA55F3561D334A0D00BBF21F /* VHistory.swift */; };
		DA581DB61D42D65700BF56C2 /* MSummaryEmpty.swift in Sources */ = {isa = PBXBuildFile; fileRef = DA581DB51D42D65700BF56C2 /* MSummaryEmpty.swift */; };
		DA581DB81D42D66200BF56C2 /* MSummaryFilled.swift in Sources */ = {isa = PBXBuildFile; fileRef = DA581DB71D42D66200BF56C2 /* MSummaryFilled.swift */; };
		DA581DBA1D42D66F00BF56C2 /* MSummaryItemEmpty.swift in Sources */ = {isa = PBXBuildFile; fileRef = DA581DB91D42D66F00BF56C2 /* MSummaryItemEmpty.swift */; };
		DA581DBC1D42D6D400BF56C2 /* MComponentPayEmpty.swift in Sources */ = {isa = PBXBuildFile; fileRef = DA581DBB1D42D6D400BF56C2 /* MComponentPayEmpty.swift */; };
		DA906DF41D22F9490095B270 /* CMain.swift in Sources */ = {isa = PBXBuildFile; fileRef = DA906DE71D22F9490095B270 /* CMain.swift */; };
		DA906DF71D22F9490095B270 /* LaunchScreen.storyboard in Resources */ = {isa = PBXBuildFile; fileRef = DA906DEE1D22F9490095B270 /* LaunchScreen.storyboard */; };
		DA906DFB1D22FC700095B270 /* CMainParent.swift in Sources */ = {isa = PBXBuildFile; fileRef = DA906DFA1D22FC700095B270 /* CMainParent.swift */; };
		DA906DFC1D22FD7A0095B270 /* tests.swift in Sources */ = {isa = PBXBuildFile; fileRef = DA906DF21D22F9490095B270 /* tests.swift */; };
		DA94E20E1D28B77E002FF88B /* VMainBarButton.swift in Sources */ = {isa = PBXBuildFile; fileRef = DA94E20D1D28B77E002FF88B /* VMainBarButton.swift */; };
		DA94E2101D28B7D8002FF88B /* VMainBarButtonHistory.swift in Sources */ = {isa = PBXBuildFile; fileRef = DA94E20F1D28B7D8002FF88B /* VMainBarButtonHistory.swift */; };
		DA97F30A1D389958008176E6 /* VHistoryChartSelector.swift in Sources */ = {isa = PBXBuildFile; fileRef = DA97F3091D389958008176E6 /* VHistoryChartSelector.swift */; };
		DAA005481D2F3C54004B57FA /* CategoryUIViewController.swift in Sources */ = {isa = PBXBuildFile; fileRef = DAA005471D2F3C54004B57FA /* CategoryUIViewController.swift */; };
		DAA0054A1D2F3F97004B57FA /* COnboardingItemPermission.swift in Sources */ = {isa = PBXBuildFile; fileRef = DAA005491D2F3F97004B57FA /* COnboardingItemPermission.swift */; };
		DAA0054C1D2F426F004B57FA /* COnboardingItemReady.swift in Sources */ = {isa = PBXBuildFile; fileRef = DAA0054B1D2F426F004B57FA /* COnboardingItemReady.swift */; };
		DAA0054E1D2F427C004B57FA /* COnboardingItemLoading.swift in Sources */ = {isa = PBXBuildFile; fileRef = DAA0054D1D2F427C004B57FA /* COnboardingItemLoading.swift */; };
		DAA005501D2F42DA004B57FA /* VOnboardingItemPermission.swift in Sources */ = {isa = PBXBuildFile; fileRef = DAA0054F1D2F42DA004B57FA /* VOnboardingItemPermission.swift */; };
		DAA005521D2F42E6004B57FA /* VOnboardingItemLoading.swift in Sources */ = {isa = PBXBuildFile; fileRef = DAA005511D2F42E6004B57FA /* VOnboardingItemLoading.swift */; };
		DAA005541D2F42F3004B57FA /* VOnboardingItemReady.swift in Sources */ = {isa = PBXBuildFile; fileRef = DAA005531D2F42F3004B57FA /* VOnboardingItemReady.swift */; };
		DAA076C91D35CE360039248D /* VHistoryChart.swift in Sources */ = {isa = PBXBuildFile; fileRef = DAA076C81D35CE360039248D /* VHistoryChart.swift */; };
		DAA076CB1D35D0A90039248D /* VHistoryChartCell.swift in Sources */ = {isa = PBXBuildFile; fileRef = DAA076CA1D35D0A90039248D /* VHistoryChartCell.swift */; };
		DAA076CD1D35D1390039248D /* CategoryUICollectionReusableView.swift in Sources */ = {isa = PBXBuildFile; fileRef = DAA076CC1D35D1390039248D /* CategoryUICollectionReusableView.swift */; };
		DAA076D01D35D2950039248D /* MHistory.swift in Sources */ = {isa = PBXBuildFile; fileRef = DAA076CF1D35D2950039248D /* MHistory.swift */; };
		DAA076D21D35D29D0039248D /* MHistoryItem.swift in Sources */ = {isa = PBXBuildFile; fileRef = DAA076D11D35D29D0039248D /* MHistoryItem.swift */; };
		DAA0DC681D23184C00F3EF29 /* CategoryNSFileManager.swift in Sources */ = {isa = PBXBuildFile; fileRef = DAA0DC671D23184C00F3EF29 /* CategoryNSFileManager.swift */; };
		DAA678581D2A1BBF00DDD9CC /* HealthKit.framework in Frameworks */ = {isa = PBXBuildFile; fileRef = DAA678571D2A1BBF00DDD9CC /* HealthKit.framework */; };
		DAA6785B1D2A23DF00DDD9CC /* MConfiguration.swift in Sources */ = {isa = PBXBuildFile; fileRef = DAA6785A1D2A23DF00DDD9CC /* MConfiguration.swift */; };
		DAA678641D2A25A100DDD9CC /* DManager.swift in Sources */ = {isa = PBXBuildFile; fileRef = DAA6785D1D2A25A100DDD9CC /* DManager.swift */; };
		DAA678651D2A25A100DDD9CC /* DManagerModel.swift in Sources */ = {isa = PBXBuildFile; fileRef = DAA6785E1D2A25A100DDD9CC /* DManagerModel.swift */; };
		DAAF3C8A1D2C838700BBBD40 /* COnboardingItemWelcome.swift in Sources */ = {isa = PBXBuildFile; fileRef = DAAF3C891D2C838700BBBD40 /* COnboardingItemWelcome.swift */; };
		DAAF3C8D1D2C873800BBBD40 /* VOnboardingItemWelcome.swift in Sources */ = {isa = PBXBuildFile; fileRef = DAAF3C8C1D2C873800BBBD40 /* VOnboardingItemWelcome.swift */; };
		DAAF3C8F1D2C89C600BBBD40 /* COnboardingItem.swift in Sources */ = {isa = PBXBuildFile; fileRef = DAAF3C8E1D2C89C600BBBD40 /* COnboardingItem.swift */; };
		DAAF3C911D2CAC6700BBBD40 /* CategoryUIFont.swift in Sources */ = {isa = PBXBuildFile; fileRef = DAAF3C901D2CAC6700BBBD40 /* CategoryUIFont.swift */; };
		DAAF3C941D2CADA300BBBD40 /* Localizable.strings in Resources */ = {isa = PBXBuildFile; fileRef = DAAF3C921D2CADA300BBBD40 /* Localizable.strings */; };
		DAB344321D2AA48000406CEE /* COnboarding.swift in Sources */ = {isa = PBXBuildFile; fileRef = DAB344311D2AA48000406CEE /* COnboarding.swift */; };
		DAB344351D2AAE7C00406CEE /* MOnboarding.swift in Sources */ = {isa = PBXBuildFile; fileRef = DAB344341D2AAE7C00406CEE /* MOnboarding.swift */; };
		DAB344371D2AAE8800406CEE /* MOnboardingItem.swift in Sources */ = {isa = PBXBuildFile; fileRef = DAB344361D2AAE8800406CEE /* MOnboardingItem.swift */; };
		DAB344391D2AB0BB00406CEE /* MOnboardingItemWelcome.swift in Sources */ = {isa = PBXBuildFile; fileRef = DAB344381D2AB0BB00406CEE /* MOnboardingItemWelcome.swift */; };
		DAB3443B1D2AB0D700406CEE /* MOnboardingItemPermission.swift in Sources */ = {isa = PBXBuildFile; fileRef = DAB3443A1D2AB0D700406CEE /* MOnboardingItemPermission.swift */; };
		DAB3443D1D2AB0E200406CEE /* MOnboardingItemLoading.swift in Sources */ = {isa = PBXBuildFile; fileRef = DAB3443C1D2AB0E200406CEE /* MOnboardingItemLoading.swift */; };
		DAB3443F1D2AB10800406CEE /* MOnboardingItemReady.swift in Sources */ = {isa = PBXBuildFile; fileRef = DAB3443E1D2AB10800406CEE /* MOnboardingItemReady.swift */; };
		DAB8F6BA1D31BFE900236A00 /* MHealth.swift in Sources */ = {isa = PBXBuildFile; fileRef = DAB8F6B81D31BFE900236A00 /* MHealth.swift */; };
		DAB8F6C31D31CEC100236A00 /* MHealthAuthDelegate.swift in Sources */ = {isa = PBXBuildFile; fileRef = DAB8F6C21D31CEC100236A00 /* MHealthAuthDelegate.swift */; };
		DACE5CB61D26C93D00080E5F /* CSummary.swift in Sources */ = {isa = PBXBuildFile; fileRef = DACE5CB51D26C93D00080E5F /* CSummary.swift */; };
		DACE5CB91D26CA0800080E5F /* VSummary.swift in Sources */ = {isa = PBXBuildFile; fileRef = DACE5CB81D26CA0800080E5F /* VSummary.swift */; };
		DACE5CBB1D26CAC200080E5F /* CMainController.swift in Sources */ = {isa = PBXBuildFile; fileRef = DACE5CBA1D26CAC200080E5F /* CMainController.swift */; };
		DACE5CBD1D26D5EF00080E5F /* CategoryUIColor.swift in Sources */ = {isa = PBXBuildFile; fileRef = DACE5CBC1D26D5EF00080E5F /* CategoryUIColor.swift */; };
		DACE5CC01D26D6B600080E5F /* VComponentGyro.swift in Sources */ = {isa = PBXBuildFile; fileRef = DACE5CBF1D26D6B600080E5F /* VComponentGyro.swift */; };
		DACE5CC41D26E44E00080E5F /* MComponentGyro.swift in Sources */ = {isa = PBXBuildFile; fileRef = DACE5CC31D26E44E00080E5F /* MComponentGyro.swift */; };
		DACE5CC61D26E52000080E5F /* MComponentGyroSummary.swift in Sources */ = {isa = PBXBuildFile; fileRef = DACE5CC51D26E52000080E5F /* MComponentGyroSummary.swift */; };
		DAD00CF31D270DD600BCDDAA /* VSummaryHeader.swift in Sources */ = {isa = PBXBuildFile; fileRef = DAD00CF21D270DD600BCDDAA /* VSummaryHeader.swift */; };
		DAD00CF61D27109100BCDDAA /* VMainBar.swift in Sources */ = {isa = PBXBuildFile; fileRef = DAD00CF51D27109100BCDDAA /* VMainBar.swift */; };
		DAD00CF81D273E7000BCDDAA /* VComponentGyroBase.swift in Sources */ = {isa = PBXBuildFile; fileRef = DAD00CF71D273E7000BCDDAA /* VComponentGyroBase.swift */; };
		DAD00CFA1D27523300BCDDAA /* ui.xcassets in Resources */ = {isa = PBXBuildFile; fileRef = DAD00CF91D27523300BCDDAA /* ui.xcassets */; };
		DAD00CFC1D2752B600BCDDAA /* VComponentGyroIcon.swift in Sources */ = {isa = PBXBuildFile; fileRef = DAD00CFB1D2752B600BCDDAA /* VComponentGyroIcon.swift */; };
		DAD79D691D3A97B3001BBCF5 /* DManagerSaver.swift in Sources */ = {isa = PBXBuildFile; fileRef = DAD79D681D3A97B3001BBCF5 /* DManagerSaver.swift */; };
		DADF024C1D35404C00FBFDA6 /* CategoryNSNotification.swift in Sources */ = {isa = PBXBuildFile; fileRef = DADF024B1D35404C00FBFDA6 /* CategoryNSNotification.swift */; };
		DAE320701D33D8FE007FDC96 /* VSummaryHeaderCounter.swift in Sources */ = {isa = PBXBuildFile; fileRef = DAE3206F1D33D8FE007FDC96 /* VSummaryHeaderCounter.swift */; };
/* End PBXBuildFile section */

/* Begin PBXContainerItemProxy section */
		DA906DD61D22F4AF0095B270 /* PBXContainerItemProxy */ = {
			isa = PBXContainerItemProxy;
			containerPortal = DA906DB61D22F4AE0095B270 /* Project object */;
			proxyType = 1;
			remoteGlobalIDString = DA906DBD1D22F4AE0095B270;
			remoteInfo = ubik;
		};
/* End PBXContainerItemProxy section */

/* Begin PBXFileReference section */
		DA152B0E1D3E7EAB00568204 /* DUbikModel.xcdatamodel */ = {isa = PBXFileReference; lastKnownFileType = wrapper.xcdatamodel; path = DUbikModel.xcdatamodel; sourceTree = "<group>"; };
		DA152B111D3E810F00568204 /* DManagerModelUbik.swift */ = {isa = PBXFileReference; fileEncoding = 4; lastKnownFileType = sourcecode.swift; path = DManagerModelUbik.swift; sourceTree = "<group>"; };
		DA152B2B1D3E82A900568204 /* DUbikDevice.swift */ = {isa = PBXFileReference; fileEncoding = 4; lastKnownFileType = sourcecode.swift; path = DUbikDevice.swift; sourceTree = "<group>"; };
		DA152B2C1D3E82A900568204 /* DUbikDevice+CoreDataProperties.swift */ = {isa = PBXFileReference; fileEncoding = 4; lastKnownFileType = sourcecode.swift; path = "DUbikDevice+CoreDataProperties.swift"; sourceTree = "<group>"; };
		DA152B2D1D3E82A900568204 /* DUbikHike.swift */ = {isa = PBXFileReference; fileEncoding = 4; lastKnownFileType = sourcecode.swift; path = DUbikHike.swift; sourceTree = "<group>"; };
		DA152B2E1D3E82A900568204 /* DUbikHike+CoreDataProperties.swift */ = {isa = PBXFileReference; fileEncoding = 4; lastKnownFileType = sourcecode.swift; path = "DUbikHike+CoreDataProperties.swift"; sourceTree = "<group>"; };
		DA152B2F1D3E82A900568204 /* DUbikSession.swift */ = {isa = PBXFileReference; fileEncoding = 4; lastKnownFileType = sourcecode.swift; path = DUbikSession.swift; sourceTree = "<group>"; };
		DA152B301D3E82A900568204 /* DUbikSession+CoreDataProperties.swift */ = {isa = PBXFileReference; fileEncoding = 4; lastKnownFileType = sourcecode.swift; path = "DUbikSession+CoreDataProperties.swift"; sourceTree = "<group>"; };
		DA152B381D3E841400568204 /* MSession.swift */ = {isa = PBXFileReference; fileEncoding = 4; lastKnownFileType = sourcecode.swift; path = MSession.swift; sourceTree = "<group>"; };
		DA152B3A1D3E912900568204 /* CategoryNSManagerdObject.swift */ = {isa = PBXFileReference; fileEncoding = 4; lastKnownFileType = sourcecode.swift; path = CategoryNSManagerdObject.swift; sourceTree = "<group>"; };
		DA152B3D1D3E968900568204 /* CLanding.swift */ = {isa = PBXFileReference; fileEncoding = 4; lastKnownFileType = sourcecode.swift; path = CLanding.swift; sourceTree = "<group>"; };
		DA152B401D3E96B800568204 /* VLanding.swift */ = {isa = PBXFileReference; fileEncoding = 4; lastKnownFileType = sourcecode.swift; path = VLanding.swift; sourceTree = "<group>"; };
		DA152B421D3E9E7B00568204 /* MHealthLoadDelegate.swift */ = {isa = PBXFileReference; fileEncoding = 4; lastKnownFileType = sourcecode.swift; path = MHealthLoadDelegate.swift; sourceTree = "<group>"; };
		DA152B441D3EA72100568204 /* MHealthModel.swift */ = {isa = PBXFileReference; fileEncoding = 4; lastKnownFileType = sourcecode.swift; path = MHealthModel.swift; sourceTree = "<group>"; };
		DA152B461D3EA72D00568204 /* MHealthModelItem.swift */ = {isa = PBXFileReference; fileEncoding = 4; lastKnownFileType = sourcecode.swift; path = MHealthModelItem.swift; sourceTree = "<group>"; };
		DA2AFAD41D3D2594000B6E44 /* VSettingsCellCheck.swift */ = {isa = PBXFileReference; fileEncoding = 4; lastKnownFileType = sourcecode.swift; path = VSettingsCellCheck.swift; sourceTree = "<group>"; };
		DA2AFAD61D3D2EAB000B6E44 /* brand.xcassets */ = {isa = PBXFileReference; lastKnownFileType = folder.assetcatalog; path = brand.xcassets; sourceTree = "<group>"; };
		DA2AFAD81D3D3500000B6E44 /* VSettingsHeader.swift */ = {isa = PBXFileReference; fileEncoding = 4; lastKnownFileType = sourcecode.swift; path = VSettingsHeader.swift; sourceTree = "<group>"; };
		DA2C38BC1D30619800977D50 /* VMainLoader.swift */ = {isa = PBXFileReference; fileEncoding = 4; lastKnownFileType = sourcecode.swift; path = VMainLoader.swift; sourceTree = "<group>"; };
		DA2C7D1C1D3C4746005FFDB0 /* VHistoryChartTouch.swift */ = {isa = PBXFileReference; fileEncoding = 4; lastKnownFileType = sourcecode.swift; path = VHistoryChartTouch.swift; sourceTree = "<group>"; };
		DA2C7D1E1D3C5652005FFDB0 /* VHistoryChartDisplay.swift */ = {isa = PBXFileReference; fileEncoding = 4; lastKnownFileType = sourcecode.swift; path = VHistoryChartDisplay.swift; sourceTree = "<group>"; };
		DA2C7D211D3D1A2C005FFDB0 /* CSettings.swift */ = {isa = PBXFileReference; fileEncoding = 4; lastKnownFileType = sourcecode.swift; path = CSettings.swift; sourceTree = "<group>"; };
		DA2C7D241D3D1A45005FFDB0 /* VSettings.swift */ = {isa = PBXFileReference; fileEncoding = 4; lastKnownFileType = sourcecode.swift; path = VSettings.swift; sourceTree = "<group>"; };
		DA2C7D271D3D1A56005FFDB0 /* MSettings.swift */ = {isa = PBXFileReference; fileEncoding = 4; lastKnownFileType = sourcecode.swift; path = MSettings.swift; sourceTree = "<group>"; };
		DA2C7D291D3D1EB4005FFDB0 /* MSettingsSection.swift */ = {isa = PBXFileReference; fileEncoding = 4; lastKnownFileType = sourcecode.swift; path = MSettingsSection.swift; sourceTree = "<group>"; };
		DA2C7D2B1D3D1EBD005FFDB0 /* MSettingsItem.swift */ = {isa = PBXFileReference; fileEncoding = 4; lastKnownFileType = sourcecode.swift; path = MSettingsItem.swift; sourceTree = "<group>"; };
		DA2C7D2D1D3D1F21005FFDB0 /* MSettingsSectionConfig.swift */ = {isa = PBXFileReference; fileEncoding = 4; lastKnownFileType = sourcecode.swift; path = MSettingsSectionConfig.swift; sourceTree = "<group>"; };
		DA2C7D2F1D3D1F2F005FFDB0 /* MSettingsItemNotifications.swift */ = {isa = PBXFileReference; fileEncoding = 4; lastKnownFileType = sourcecode.swift; path = MSettingsItemNotifications.swift; sourceTree = "<group>"; };
		DA2C7D311D3D2529005FFDB0 /* VSettingsCell.swift */ = {isa = PBXFileReference; fileEncoding = 4; lastKnownFileType = sourcecode.swift; path = VSettingsCell.swift; sourceTree = "<group>"; };
		DA3E0AD91D3DBAF000906E81 /* CategoryUILocalNotification.swift */ = {isa = PBXFileReference; fileEncoding = 4; lastKnownFileType = sourcecode.swift; path = CategoryUILocalNotification.swift; sourceTree = "<group>"; };
		DA4A47E11D41B0B100D8E065 /* VSummaryFooter.swift */ = {isa = PBXFileReference; fileEncoding = 4; lastKnownFileType = sourcecode.swift; path = VSummaryFooter.swift; sourceTree = "<group>"; };
		DA4A47E41D41B37200D8E065 /* MSummary.swift */ = {isa = PBXFileReference; fileEncoding = 4; lastKnownFileType = sourcecode.swift; path = MSummary.swift; sourceTree = "<group>"; };
		DA4A47E61D41B43100D8E065 /* MSummaryItem.swift */ = {isa = PBXFileReference; fileEncoding = 4; lastKnownFileType = sourcecode.swift; path = MSummaryItem.swift; sourceTree = "<group>"; };
		DA4A47E81D41B4BE00D8E065 /* VSummaryFooterCell.swift */ = {isa = PBXFileReference; fileEncoding = 4; lastKnownFileType = sourcecode.swift; path = VSummaryFooterCell.swift; sourceTree = "<group>"; };
		DA4A47EA1D41B91800D8E065 /* VComponentPay.swift */ = {isa = PBXFileReference; fileEncoding = 4; lastKnownFileType = sourcecode.swift; path = VComponentPay.swift; sourceTree = "<group>"; };
		DA4A47ED1D41BA1D00D8E065 /* MComponentPay.swift */ = {isa = PBXFileReference; fileEncoding = 4; lastKnownFileType = sourcecode.swift; path = MComponentPay.swift; sourceTree = "<group>"; };
		DA4A47EF1D41BA2900D8E065 /* MComponentPaySteps.swift */ = {isa = PBXFileReference; fileEncoding = 4; lastKnownFileType = sourcecode.swift; path = MComponentPaySteps.swift; sourceTree = "<group>"; };
		DA4A47F11D41BA3600D8E065 /* MComponentPayTime.swift */ = {isa = PBXFileReference; fileEncoding = 4; lastKnownFileType = sourcecode.swift; path = MComponentPayTime.swift; sourceTree = "<group>"; };
		DA4A47F31D41BC4500D8E065 /* VComponentPayBase.swift */ = {isa = PBXFileReference; fileEncoding = 4; lastKnownFileType = sourcecode.swift; path = VComponentPayBase.swift; sourceTree = "<group>"; };
		DA4A47F51D41BE2400D8E065 /* MSummaryItemSteps.swift */ = {isa = PBXFileReference; fileEncoding = 4; lastKnownFileType = sourcecode.swift; path = MSummaryItemSteps.swift; sourceTree = "<group>"; };
		DA4A47F71D41BE2E00D8E065 /* MSummaryItemTime.swift */ = {isa = PBXFileReference; fileEncoding = 4; lastKnownFileType = sourcecode.swift; path = MSummaryItemTime.swift; sourceTree = "<group>"; };
		DA55F34C1D33081D00BBF21F /* CategoryNSDate.swift */ = {isa = PBXFileReference; fileEncoding = 4; lastKnownFileType = sourcecode.swift; path = CategoryNSDate.swift; sourceTree = "<group>"; };
		DA55F34E1D3314EA00BBF21F /* VMainBarButtonConfig.swift */ = {isa = PBXFileReference; fileEncoding = 4; lastKnownFileType = sourcecode.swift; path = VMainBarButtonConfig.swift; sourceTree = "<group>"; };
		DA55F3501D33192E00BBF21F /* VMainBarButtonSummary.swift */ = {isa = PBXFileReference; fileEncoding = 4; lastKnownFileType = sourcecode.swift; path = VMainBarButtonSummary.swift; sourceTree = "<group>"; };
		DA55F3531D33493D00BBF21F /* CHistory.swift */ = {isa = PBXFileReference; fileEncoding = 4; lastKnownFileType = sourcecode.swift; path = CHistory.swift; sourceTree = "<group>"; };
		DA55F3561D334A0D00BBF21F /* VHistory.swift */ = {isa = PBXFileReference; fileEncoding = 4; lastKnownFileType = sourcecode.swift; path = VHistory.swift; sourceTree = "<group>"; };
		DA581DB51D42D65700BF56C2 /* MSummaryEmpty.swift */ = {isa = PBXFileReference; fileEncoding = 4; lastKnownFileType = sourcecode.swift; path = MSummaryEmpty.swift; sourceTree = "<group>"; };
		DA581DB71D42D66200BF56C2 /* MSummaryFilled.swift */ = {isa = PBXFileReference; fileEncoding = 4; lastKnownFileType = sourcecode.swift; path = MSummaryFilled.swift; sourceTree = "<group>"; };
		DA581DB91D42D66F00BF56C2 /* MSummaryItemEmpty.swift */ = {isa = PBXFileReference; fileEncoding = 4; lastKnownFileType = sourcecode.swift; path = MSummaryItemEmpty.swift; sourceTree = "<group>"; };
		DA581DBB1D42D6D400BF56C2 /* MComponentPayEmpty.swift */ = {isa = PBXFileReference; fileEncoding = 4; lastKnownFileType = sourcecode.swift; path = MComponentPayEmpty.swift; sourceTree = "<group>"; };
		DA906DBE1D22F4AE0095B270 /* ubik.app */ = {isa = PBXFileReference; explicitFileType = wrapper.application; includeInIndex = 0; path = ubik.app; sourceTree = BUILT_PRODUCTS_DIR; };
		DA906DD51D22F4AF0095B270 /* tests.xctest */ = {isa = PBXFileReference; explicitFileType = wrapper.cfbundle; includeInIndex = 0; path = tests.xctest; sourceTree = BUILT_PRODUCTS_DIR; };
		DA906DE71D22F9490095B270 /* CMain.swift */ = {isa = PBXFileReference; fileEncoding = 4; lastKnownFileType = sourcecode.swift; path = CMain.swift; sourceTree = "<group>"; };
		DA906DEB1D22F9490095B270 /* Info.plist */ = {isa = PBXFileReference; fileEncoding = 4; lastKnownFileType = text.plist.xml; path = Info.plist; sourceTree = "<group>"; };
		DA906DEF1D22F9490095B270 /* en */ = {isa = PBXFileReference; lastKnownFileType = file.storyboard; name = en; path = en.lproj/LaunchScreen.storyboard; sourceTree = "<group>"; };
		DA906DF11D22F9490095B270 /* Info.plist */ = {isa = PBXFileReference; fileEncoding = 4; lastKnownFileType = text.plist.xml; path = Info.plist; sourceTree = "<group>"; };
		DA906DF21D22F9490095B270 /* tests.swift */ = {isa = PBXFileReference; fileEncoding = 4; lastKnownFileType = sourcecode.swift; path = tests.swift; sourceTree = "<group>"; };
		DA906DFA1D22FC700095B270 /* CMainParent.swift */ = {isa = PBXFileReference; fileEncoding = 4; lastKnownFileType = sourcecode.swift; path = CMainParent.swift; sourceTree = "<group>"; };
		DA94E20D1D28B77E002FF88B /* VMainBarButton.swift */ = {isa = PBXFileReference; fileEncoding = 4; lastKnownFileType = sourcecode.swift; path = VMainBarButton.swift; sourceTree = "<group>"; };
		DA94E20F1D28B7D8002FF88B /* VMainBarButtonHistory.swift */ = {isa = PBXFileReference; fileEncoding = 4; lastKnownFileType = sourcecode.swift; path = VMainBarButtonHistory.swift; sourceTree = "<group>"; };
		DA94E21C1D2A1456002FF88B /* ubik.entitlements */ = {isa = PBXFileReference; lastKnownFileType = text.xml; path = ubik.entitlements; sourceTree = "<group>"; };
		DA97F3091D389958008176E6 /* VHistoryChartSelector.swift */ = {isa = PBXFileReference; fileEncoding = 4; lastKnownFileType = sourcecode.swift; path = VHistoryChartSelector.swift; sourceTree = "<group>"; };
		DAA005471D2F3C54004B57FA /* CategoryUIViewController.swift */ = {isa = PBXFileReference; fileEncoding = 4; lastKnownFileType = sourcecode.swift; path = CategoryUIViewController.swift; sourceTree = "<group>"; };
		DAA005491D2F3F97004B57FA /* COnboardingItemPermission.swift */ = {isa = PBXFileReference; fileEncoding = 4; lastKnownFileType = sourcecode.swift; path = COnboardingItemPermission.swift; sourceTree = "<group>"; };
		DAA0054B1D2F426F004B57FA /* COnboardingItemReady.swift */ = {isa = PBXFileReference; fileEncoding = 4; lastKnownFileType = sourcecode.swift; path = COnboardingItemReady.swift; sourceTree = "<group>"; };
		DAA0054D1D2F427C004B57FA /* COnboardingItemLoading.swift */ = {isa = PBXFileReference; fileEncoding = 4; lastKnownFileType = sourcecode.swift; path = COnboardingItemLoading.swift; sourceTree = "<group>"; };
		DAA0054F1D2F42DA004B57FA /* VOnboardingItemPermission.swift */ = {isa = PBXFileReference; fileEncoding = 4; lastKnownFileType = sourcecode.swift; path = VOnboardingItemPermission.swift; sourceTree = "<group>"; };
		DAA005511D2F42E6004B57FA /* VOnboardingItemLoading.swift */ = {isa = PBXFileReference; fileEncoding = 4; lastKnownFileType = sourcecode.swift; path = VOnboardingItemLoading.swift; sourceTree = "<group>"; };
		DAA005531D2F42F3004B57FA /* VOnboardingItemReady.swift */ = {isa = PBXFileReference; fileEncoding = 4; lastKnownFileType = sourcecode.swift; path = VOnboardingItemReady.swift; sourceTree = "<group>"; };
		DAA076C81D35CE360039248D /* VHistoryChart.swift */ = {isa = PBXFileReference; fileEncoding = 4; lastKnownFileType = sourcecode.swift; path = VHistoryChart.swift; sourceTree = "<group>"; };
		DAA076CA1D35D0A90039248D /* VHistoryChartCell.swift */ = {isa = PBXFileReference; fileEncoding = 4; lastKnownFileType = sourcecode.swift; path = VHistoryChartCell.swift; sourceTree = "<group>"; };
		DAA076CC1D35D1390039248D /* CategoryUICollectionReusableView.swift */ = {isa = PBXFileReference; fileEncoding = 4; lastKnownFileType = sourcecode.swift; path = CategoryUICollectionReusableView.swift; sourceTree = "<group>"; };
		DAA076CF1D35D2950039248D /* MHistory.swift */ = {isa = PBXFileReference; fileEncoding = 4; lastKnownFileType = sourcecode.swift; path = MHistory.swift; sourceTree = "<group>"; };
		DAA076D11D35D29D0039248D /* MHistoryItem.swift */ = {isa = PBXFileReference; fileEncoding = 4; lastKnownFileType = sourcecode.swift; path = MHistoryItem.swift; sourceTree = "<group>"; };
		DAA0DC671D23184C00F3EF29 /* CategoryNSFileManager.swift */ = {isa = PBXFileReference; fileEncoding = 4; lastKnownFileType = sourcecode.swift; path = CategoryNSFileManager.swift; sourceTree = "<group>"; };
		DAA678571D2A1BBF00DDD9CC /* HealthKit.framework */ = {isa = PBXFileReference; lastKnownFileType = wrapper.framework; name = HealthKit.framework; path = System/Library/Frameworks/HealthKit.framework; sourceTree = SDKROOT; };
		DAA6785A1D2A23DF00DDD9CC /* MConfiguration.swift */ = {isa = PBXFileReference; fileEncoding = 4; lastKnownFileType = sourcecode.swift; path = MConfiguration.swift; sourceTree = "<group>"; };
		DAA6785D1D2A25A100DDD9CC /* DManager.swift */ = {isa = PBXFileReference; fileEncoding = 4; lastKnownFileType = sourcecode.swift; path = DManager.swift; sourceTree = "<group>"; };
		DAA6785E1D2A25A100DDD9CC /* DManagerModel.swift */ = {isa = PBXFileReference; fileEncoding = 4; lastKnownFileType = sourcecode.swift; path = DManagerModel.swift; sourceTree = "<group>"; };
		DAAF3C891D2C838700BBBD40 /* COnboardingItemWelcome.swift */ = {isa = PBXFileReference; fileEncoding = 4; lastKnownFileType = sourcecode.swift; path = COnboardingItemWelcome.swift; sourceTree = "<group>"; };
		DAAF3C8C1D2C873800BBBD40 /* VOnboardingItemWelcome.swift */ = {isa = PBXFileReference; fileEncoding = 4; lastKnownFileType = sourcecode.swift; path = VOnboardingItemWelcome.swift; sourceTree = "<group>"; };
		DAAF3C8E1D2C89C600BBBD40 /* COnboardingItem.swift */ = {isa = PBXFileReference; fileEncoding = 4; lastKnownFileType = sourcecode.swift; path = COnboardingItem.swift; sourceTree = "<group>"; };
		DAAF3C901D2CAC6700BBBD40 /* CategoryUIFont.swift */ = {isa = PBXFileReference; fileEncoding = 4; lastKnownFileType = sourcecode.swift; path = CategoryUIFont.swift; sourceTree = "<group>"; };
		DAAF3C931D2CADA300BBBD40 /* en */ = {isa = PBXFileReference; lastKnownFileType = text.plist.strings; name = en; path = en.lproj/Localizable.strings; sourceTree = "<group>"; };
		DAB344311D2AA48000406CEE /* COnboarding.swift */ = {isa = PBXFileReference; fileEncoding = 4; lastKnownFileType = sourcecode.swift; path = COnboarding.swift; sourceTree = "<group>"; };
		DAB344341D2AAE7C00406CEE /* MOnboarding.swift */ = {isa = PBXFileReference; fileEncoding = 4; lastKnownFileType = sourcecode.swift; path = MOnboarding.swift; sourceTree = "<group>"; };
		DAB344361D2AAE8800406CEE /* MOnboardingItem.swift */ = {isa = PBXFileReference; fileEncoding = 4; lastKnownFileType = sourcecode.swift; path = MOnboardingItem.swift; sourceTree = "<group>"; };
		DAB344381D2AB0BB00406CEE /* MOnboardingItemWelcome.swift */ = {isa = PBXFileReference; fileEncoding = 4; lastKnownFileType = sourcecode.swift; path = MOnboardingItemWelcome.swift; sourceTree = "<group>"; };
		DAB3443A1D2AB0D700406CEE /* MOnboardingItemPermission.swift */ = {isa = PBXFileReference; fileEncoding = 4; lastKnownFileType = sourcecode.swift; path = MOnboardingItemPermission.swift; sourceTree = "<group>"; };
		DAB3443C1D2AB0E200406CEE /* MOnboardingItemLoading.swift */ = {isa = PBXFileReference; fileEncoding = 4; lastKnownFileType = sourcecode.swift; path = MOnboardingItemLoading.swift; sourceTree = "<group>"; };
		DAB3443E1D2AB10800406CEE /* MOnboardingItemReady.swift */ = {isa = PBXFileReference; fileEncoding = 4; lastKnownFileType = sourcecode.swift; path = MOnboardingItemReady.swift; sourceTree = "<group>"; };
		DAB8F6B81D31BFE900236A00 /* MHealth.swift */ = {isa = PBXFileReference; fileEncoding = 4; lastKnownFileType = sourcecode.swift; path = MHealth.swift; sourceTree = "<group>"; };
		DAB8F6C21D31CEC100236A00 /* MHealthAuthDelegate.swift */ = {isa = PBXFileReference; fileEncoding = 4; lastKnownFileType = sourcecode.swift; path = MHealthAuthDelegate.swift; sourceTree = "<group>"; };
		DACE5CB51D26C93D00080E5F /* CSummary.swift */ = {isa = PBXFileReference; fileEncoding = 4; lastKnownFileType = sourcecode.swift; path = CSummary.swift; sourceTree = "<group>"; };
		DACE5CB81D26CA0800080E5F /* VSummary.swift */ = {isa = PBXFileReference; fileEncoding = 4; lastKnownFileType = sourcecode.swift; path = VSummary.swift; sourceTree = "<group>"; };
		DACE5CBA1D26CAC200080E5F /* CMainController.swift */ = {isa = PBXFileReference; fileEncoding = 4; lastKnownFileType = sourcecode.swift; path = CMainController.swift; sourceTree = "<group>"; };
		DACE5CBC1D26D5EF00080E5F /* CategoryUIColor.swift */ = {isa = PBXFileReference; fileEncoding = 4; lastKnownFileType = sourcecode.swift; path = CategoryUIColor.swift; sourceTree = "<group>"; };
		DACE5CBF1D26D6B600080E5F /* VComponentGyro.swift */ = {isa = PBXFileReference; fileEncoding = 4; lastKnownFileType = sourcecode.swift; path = VComponentGyro.swift; sourceTree = "<group>"; };
		DACE5CC31D26E44E00080E5F /* MComponentGyro.swift */ = {isa = PBXFileReference; fileEncoding = 4; lastKnownFileType = sourcecode.swift; path = MComponentGyro.swift; sourceTree = "<group>"; };
		DACE5CC51D26E52000080E5F /* MComponentGyroSummary.swift */ = {isa = PBXFileReference; fileEncoding = 4; lastKnownFileType = sourcecode.swift; path = MComponentGyroSummary.swift; sourceTree = "<group>"; };
		DAD00CF21D270DD600BCDDAA /* VSummaryHeader.swift */ = {isa = PBXFileReference; fileEncoding = 4; lastKnownFileType = sourcecode.swift; path = VSummaryHeader.swift; sourceTree = "<group>"; };
		DAD00CF51D27109100BCDDAA /* VMainBar.swift */ = {isa = PBXFileReference; fileEncoding = 4; lastKnownFileType = sourcecode.swift; path = VMainBar.swift; sourceTree = "<group>"; };
		DAD00CF71D273E7000BCDDAA /* VComponentGyroBase.swift */ = {isa = PBXFileReference; fileEncoding = 4; lastKnownFileType = sourcecode.swift; path = VComponentGyroBase.swift; sourceTree = "<group>"; };
		DAD00CF91D27523300BCDDAA /* ui.xcassets */ = {isa = PBXFileReference; lastKnownFileType = folder.assetcatalog; path = ui.xcassets; sourceTree = "<group>"; };
		DAD00CFB1D2752B600BCDDAA /* VComponentGyroIcon.swift */ = {isa = PBXFileReference; fileEncoding = 4; lastKnownFileType = sourcecode.swift; path = VComponentGyroIcon.swift; sourceTree = "<group>"; };
		DAD79D681D3A97B3001BBCF5 /* DManagerSaver.swift */ = {isa = PBXFileReference; fileEncoding = 4; lastKnownFileType = sourcecode.swift; path = DManagerSaver.swift; sourceTree = "<group>"; };
		DADF024B1D35404C00FBFDA6 /* CategoryNSNotification.swift */ = {isa = PBXFileReference; fileEncoding = 4; lastKnownFileType = sourcecode.swift; path = CategoryNSNotification.swift; sourceTree = "<group>"; };
		DAE3206F1D33D8FE007FDC96 /* VSummaryHeaderCounter.swift */ = {isa = PBXFileReference; fileEncoding = 4; lastKnownFileType = sourcecode.swift; path = VSummaryHeaderCounter.swift; sourceTree = "<group>"; };
/* End PBXFileReference section */

/* Begin PBXFrameworksBuildPhase section */
		DA906DBB1D22F4AE0095B270 /* Frameworks */ = {
			isa = PBXFrameworksBuildPhase;
			buildActionMask = 2147483647;
			files = (
				DAA678581D2A1BBF00DDD9CC /* HealthKit.framework in Frameworks */,
			);
			runOnlyForDeploymentPostprocessing = 0;
		};
		DA906DD21D22F4AF0095B270 /* Frameworks */ = {
			isa = PBXFrameworksBuildPhase;
			buildActionMask = 2147483647;
			files = (
			);
			runOnlyForDeploymentPostprocessing = 0;
		};
/* End PBXFrameworksBuildPhase section */

/* Begin PBXGroup section */
		DA152B101D3E80F200568204 /* Ubik */ = {
			isa = PBXGroup;
			children = (
				DA152B2B1D3E82A900568204 /* DUbikDevice.swift */,
				DA152B2C1D3E82A900568204 /* DUbikDevice+CoreDataProperties.swift */,
				DA152B2D1D3E82A900568204 /* DUbikHike.swift */,
				DA152B2E1D3E82A900568204 /* DUbikHike+CoreDataProperties.swift */,
				DA152B2F1D3E82A900568204 /* DUbikSession.swift */,
				DA152B301D3E82A900568204 /* DUbikSession+CoreDataProperties.swift */,
			);
			path = Ubik;
			sourceTree = "<group>";
		};
		DA152B371D3E840B00568204 /* Session */ = {
			isa = PBXGroup;
			children = (
				DA152B381D3E841400568204 /* MSession.swift */,
			);
			path = Session;
			sourceTree = "<group>";
		};
		DA152B3C1D3E967E00568204 /* Landing */ = {
			isa = PBXGroup;
			children = (
				DA152B3D1D3E968900568204 /* CLanding.swift */,
			);
			path = Landing;
			sourceTree = "<group>";
		};
		DA152B3F1D3E96B000568204 /* Landing */ = {
			isa = PBXGroup;
			children = (
				DA152B401D3E96B800568204 /* VLanding.swift */,
			);
			path = Landing;
			sourceTree = "<group>";
		};
		DA2C7D201D3D1A23005FFDB0 /* Settings */ = {
			isa = PBXGroup;
			children = (
				DA2C7D211D3D1A2C005FFDB0 /* CSettings.swift */,
			);
			path = Settings;
			sourceTree = "<group>";
		};
		DA2C7D231D3D1A3B005FFDB0 /* Settings */ = {
			isa = PBXGroup;
			children = (
				DA2C7D241D3D1A45005FFDB0 /* VSettings.swift */,
				DA2C7D311D3D2529005FFDB0 /* VSettingsCell.swift */,
				DA2AFAD41D3D2594000B6E44 /* VSettingsCellCheck.swift */,
				DA2AFAD81D3D3500000B6E44 /* VSettingsHeader.swift */,
			);
			path = Settings;
			sourceTree = "<group>";
		};
		DA2C7D261D3D1A4D005FFDB0 /* Settings */ = {
			isa = PBXGroup;
			children = (
				DA2C7D271D3D1A56005FFDB0 /* MSettings.swift */,
				DA2C7D291D3D1EB4005FFDB0 /* MSettingsSection.swift */,
				DA2C7D2D1D3D1F21005FFDB0 /* MSettingsSectionConfig.swift */,
				DA2C7D2B1D3D1EBD005FFDB0 /* MSettingsItem.swift */,
				DA2C7D2F1D3D1F2F005FFDB0 /* MSettingsItemNotifications.swift */,
			);
			path = Settings;
			sourceTree = "<group>";
		};
		DA4A47E31D41B36800D8E065 /* Summary */ = {
			isa = PBXGroup;
			children = (
				DA4A47E41D41B37200D8E065 /* MSummary.swift */,
				DA581DB51D42D65700BF56C2 /* MSummaryEmpty.swift */,
				DA581DB71D42D66200BF56C2 /* MSummaryFilled.swift */,
				DA4A47E61D41B43100D8E065 /* MSummaryItem.swift */,
				DA4A47F51D41BE2400D8E065 /* MSummaryItemSteps.swift */,
				DA4A47F71D41BE2E00D8E065 /* MSummaryItemTime.swift */,
				DA581DB91D42D66F00BF56C2 /* MSummaryItemEmpty.swift */,
			);
			path = Summary;
			sourceTree = "<group>";
		};
		DA4A47EC1D41BA0800D8E065 /* Pay */ = {
			isa = PBXGroup;
			children = (
				DA4A47ED1D41BA1D00D8E065 /* MComponentPay.swift */,
				DA4A47EF1D41BA2900D8E065 /* MComponentPaySteps.swift */,
				DA4A47F11D41BA3600D8E065 /* MComponentPayTime.swift */,
				DA581DBB1D42D6D400BF56C2 /* MComponentPayEmpty.swift */,
			);
			path = Pay;
			sourceTree = "<group>";
		};
		DA55F3521D3348D900BBF21F /* History */ = {
			isa = PBXGroup;
			children = (
				DA55F3531D33493D00BBF21F /* CHistory.swift */,
			);
			path = History;
			sourceTree = "<group>";
		};
		DA55F3551D334A0200BBF21F /* History */ = {
			isa = PBXGroup;
			children = (
				DA55F3561D334A0D00BBF21F /* VHistory.swift */,
				DAA076C81D35CE360039248D /* VHistoryChart.swift */,
				DAA076CA1D35D0A90039248D /* VHistoryChartCell.swift */,
				DA97F3091D389958008176E6 /* VHistoryChartSelector.swift */,
				DA2C7D1C1D3C4746005FFDB0 /* VHistoryChartTouch.swift */,
				DA2C7D1E1D3C5652005FFDB0 /* VHistoryChartDisplay.swift */,
			);
			path = History;
			sourceTree = "<group>";
		};
		DA906DB51D22F4AE0095B270 = {
			isa = PBXGroup;
			children = (
				DAA678571D2A1BBF00DDD9CC /* HealthKit.framework */,
				DA906DC01D22F4AF0095B270 /* ubik */,
				DA906DBF1D22F4AE0095B270 /* Products */,
			);
			sourceTree = "<group>";
		};
		DA906DBF1D22F4AE0095B270 /* Products */ = {
			isa = PBXGroup;
			children = (
				DA906DBE1D22F4AE0095B270 /* ubik.app */,
				DA906DD51D22F4AF0095B270 /* tests.xctest */,
			);
			name = Products;
			sourceTree = "<group>";
		};
		DA906DC01D22F4AF0095B270 /* ubik */ = {
			isa = PBXGroup;
			children = (
				DA94E21C1D2A1456002FF88B /* ubik.entitlements */,
				DA906DEB1D22F9490095B270 /* Info.plist */,
				DA906DE41D22F9490095B270 /* Asset */,
				DA906DE81D22F9490095B270 /* Data */,
				DA906DE51D22F9490095B270 /* Controller */,
				DA906DF31D22F9490095B270 /* View */,
				DA906DEC1D22F9490095B270 /* Model */,
				DA906DED1D22F9490095B270 /* Resource */,
				DAA0DC661D23174E00F3EF29 /* Category */,
				DA906DF01D22F9490095B270 /* Test */,
			);
			path = ubik;
			sourceTree = "<group>";
		};
		DA906DE41D22F9490095B270 /* Asset */ = {
			isa = PBXGroup;
			children = (
				DAD00CF91D27523300BCDDAA /* ui.xcassets */,
				DA2AFAD61D3D2EAB000B6E44 /* brand.xcassets */,
			);
			path = Asset;
			sourceTree = "<group>";
		};
		DA906DE51D22F9490095B270 /* Controller */ = {
			isa = PBXGroup;
			children = (
				DA152B3C1D3E967E00568204 /* Landing */,
				DA2C7D201D3D1A23005FFDB0 /* Settings */,
				DA55F3521D3348D900BBF21F /* History */,
				DAB3442E1D2AA44200406CEE /* Onboarding */,
				DACE5CB41D26C93300080E5F /* Summary */,
				DA906DE61D22F9490095B270 /* Main */,
			);
			path = Controller;
			sourceTree = "<group>";
		};
		DA906DE61D22F9490095B270 /* Main */ = {
			isa = PBXGroup;
			children = (
				DA906DE71D22F9490095B270 /* CMain.swift */,
				DA906DFA1D22FC700095B270 /* CMainParent.swift */,
				DACE5CBA1D26CAC200080E5F /* CMainController.swift */,
			);
			path = Main;
			sourceTree = "<group>";
		};
		DA906DE81D22F9490095B270 /* Data */ = {
			isa = PBXGroup;
			children = (
				DAA6785C1D2A25A100DDD9CC /* Manager */,
				DAA678601D2A25A100DDD9CC /* Model */,
				DAA678611D2A25A100DDD9CC /* Object */,
			);
			path = Data;
			sourceTree = "<group>";
		};
		DA906DEC1D22F9490095B270 /* Model */ = {
			isa = PBXGroup;
			children = (
				DA4A47E31D41B36800D8E065 /* Summary */,
				DA152B371D3E840B00568204 /* Session */,
				DA2C7D261D3D1A4D005FFDB0 /* Settings */,
				DAA076CE1D35D28C0039248D /* History */,
				DAB344331D2AAE7200406CEE /* Onboarding */,
				DAA678591D2A23C600DDD9CC /* Configuration */,
				DA94E2151D2A1348002FF88B /* Health */,
				DACE5CC11D26E43E00080E5F /* Component */,
			);
			path = Model;
			sourceTree = "<group>";
		};
		DA906DED1D22F9490095B270 /* Resource */ = {
			isa = PBXGroup;
			children = (
				DA906DEE1D22F9490095B270 /* LaunchScreen.storyboard */,
				DAAF3C921D2CADA300BBBD40 /* Localizable.strings */,
			);
			path = Resource;
			sourceTree = "<group>";
		};
		DA906DF01D22F9490095B270 /* Test */ = {
			isa = PBXGroup;
			children = (
				DA906DF11D22F9490095B270 /* Info.plist */,
				DA906DF21D22F9490095B270 /* tests.swift */,
			);
			path = Test;
			sourceTree = "<group>";
		};
		DA906DF31D22F9490095B270 /* View */ = {
			isa = PBXGroup;
			children = (
				DA152B3F1D3E96B000568204 /* Landing */,
				DA2C7D231D3D1A3B005FFDB0 /* Settings */,
				DA55F3551D334A0200BBF21F /* History */,
				DAAF3C8B1D2C865100BBBD40 /* Onboarding */,
				DAD00CF41D27108600BCDDAA /* Main */,
				DACE5CBE1D26D6AD00080E5F /* Component */,
				DACE5CB71D26C9FE00080E5F /* Summary */,
			);
			path = View;
			sourceTree = "<group>";
		};
		DA94E2151D2A1348002FF88B /* Health */ = {
			isa = PBXGroup;
			children = (
				DAB8F6B81D31BFE900236A00 /* MHealth.swift */,
				DA152B441D3EA72100568204 /* MHealthModel.swift */,
				DA152B461D3EA72D00568204 /* MHealthModelItem.swift */,
				DAB8F6C21D31CEC100236A00 /* MHealthAuthDelegate.swift */,
				DA152B421D3E9E7B00568204 /* MHealthLoadDelegate.swift */,
			);
			path = Health;
			sourceTree = "<group>";
		};
		DAA076CE1D35D28C0039248D /* History */ = {
			isa = PBXGroup;
			children = (
				DAA076CF1D35D2950039248D /* MHistory.swift */,
				DAA076D11D35D29D0039248D /* MHistoryItem.swift */,
			);
			path = History;
			sourceTree = "<group>";
		};
		DAA0DC661D23174E00F3EF29 /* Category */ = {
			isa = PBXGroup;
			children = (
				DAA0DC671D23184C00F3EF29 /* CategoryNSFileManager.swift */,
				DACE5CBC1D26D5EF00080E5F /* CategoryUIColor.swift */,
				DAAF3C901D2CAC6700BBBD40 /* CategoryUIFont.swift */,
				DAA005471D2F3C54004B57FA /* CategoryUIViewController.swift */,
				DA55F34C1D33081D00BBF21F /* CategoryNSDate.swift */,
				DADF024B1D35404C00FBFDA6 /* CategoryNSNotification.swift */,
				DAA076CC1D35D1390039248D /* CategoryUICollectionReusableView.swift */,
				DA3E0AD91D3DBAF000906E81 /* CategoryUILocalNotification.swift */,
				DA152B3A1D3E912900568204 /* CategoryNSManagerdObject.swift */,
			);
			path = Category;
			sourceTree = "<group>";
		};
		DAA678591D2A23C600DDD9CC /* Configuration */ = {
			isa = PBXGroup;
			children = (
				DAA6785A1D2A23DF00DDD9CC /* MConfiguration.swift */,
			);
			path = Configuration;
			sourceTree = "<group>";
		};
		DAA6785C1D2A25A100DDD9CC /* Manager */ = {
			isa = PBXGroup;
			children = (
				DAA6785D1D2A25A100DDD9CC /* DManager.swift */,
				DAD79D681D3A97B3001BBCF5 /* DManagerSaver.swift */,
				DAA6785E1D2A25A100DDD9CC /* DManagerModel.swift */,
				DA152B111D3E810F00568204 /* DManagerModelUbik.swift */,
			);
			path = Manager;
			sourceTree = "<group>";
		};
		DAA678601D2A25A100DDD9CC /* Model */ = {
			isa = PBXGroup;
			children = (
				DA152B0D1D3E7EAB00568204 /* DUbikModel.xcdatamodeld */,
			);
			path = Model;
			sourceTree = "<group>";
		};
		DAA678611D2A25A100DDD9CC /* Object */ = {
			isa = PBXGroup;
			children = (
				DA152B101D3E80F200568204 /* Ubik */,
			);
			path = Object;
			sourceTree = "<group>";
		};
		DAAF3C8B1D2C865100BBBD40 /* Onboarding */ = {
			isa = PBXGroup;
			children = (
				DAAF3C8C1D2C873800BBBD40 /* VOnboardingItemWelcome.swift */,
				DAA0054F1D2F42DA004B57FA /* VOnboardingItemPermission.swift */,
				DAA005511D2F42E6004B57FA /* VOnboardingItemLoading.swift */,
				DAA005531D2F42F3004B57FA /* VOnboardingItemReady.swift */,
			);
			path = Onboarding;
			sourceTree = "<group>";
		};
		DAB3442E1D2AA44200406CEE /* Onboarding */ = {
			isa = PBXGroup;
			children = (
				DAB344311D2AA48000406CEE /* COnboarding.swift */,
				DAAF3C8E1D2C89C600BBBD40 /* COnboardingItem.swift */,
				DAAF3C891D2C838700BBBD40 /* COnboardingItemWelcome.swift */,
				DAA005491D2F3F97004B57FA /* COnboardingItemPermission.swift */,
				DAA0054D1D2F427C004B57FA /* COnboardingItemLoading.swift */,
				DAA0054B1D2F426F004B57FA /* COnboardingItemReady.swift */,
			);
			path = Onboarding;
			sourceTree = "<group>";
		};
		DAB344331D2AAE7200406CEE /* Onboarding */ = {
			isa = PBXGroup;
			children = (
				DAB344341D2AAE7C00406CEE /* MOnboarding.swift */,
				DAB344361D2AAE8800406CEE /* MOnboardingItem.swift */,
				DAB344381D2AB0BB00406CEE /* MOnboardingItemWelcome.swift */,
				DAB3443A1D2AB0D700406CEE /* MOnboardingItemPermission.swift */,
				DAB3443C1D2AB0E200406CEE /* MOnboardingItemLoading.swift */,
				DAB3443E1D2AB10800406CEE /* MOnboardingItemReady.swift */,
			);
			path = Onboarding;
			sourceTree = "<group>";
		};
		DACE5CB41D26C93300080E5F /* Summary */ = {
			isa = PBXGroup;
			children = (
				DACE5CB51D26C93D00080E5F /* CSummary.swift */,
			);
			path = Summary;
			sourceTree = "<group>";
		};
		DACE5CB71D26C9FE00080E5F /* Summary */ = {
			isa = PBXGroup;
			children = (
				DACE5CB81D26CA0800080E5F /* VSummary.swift */,
				DAD00CF21D270DD600BCDDAA /* VSummaryHeader.swift */,
				DAE3206F1D33D8FE007FDC96 /* VSummaryHeaderCounter.swift */,
				DA4A47E11D41B0B100D8E065 /* VSummaryFooter.swift */,
				DA4A47E81D41B4BE00D8E065 /* VSummaryFooterCell.swift */,
			);
			path = Summary;
			sourceTree = "<group>";
		};
		DACE5CBE1D26D6AD00080E5F /* Component */ = {
			isa = PBXGroup;
			children = (
				DACE5CBF1D26D6B600080E5F /* VComponentGyro.swift */,
				DAD00CF71D273E7000BCDDAA /* VComponentGyroBase.swift */,
				DAD00CFB1D2752B600BCDDAA /* VComponentGyroIcon.swift */,
				DA4A47EA1D41B91800D8E065 /* VComponentPay.swift */,
				DA4A47F31D41BC4500D8E065 /* VComponentPayBase.swift */,
			);
			path = Component;
			sourceTree = "<group>";
		};
		DACE5CC11D26E43E00080E5F /* Component */ = {
			isa = PBXGroup;
			children = (
				DA4A47EC1D41BA0800D8E065 /* Pay */,
				DACE5CC21D26E43E00080E5F /* Gyro */,
			);
			path = Component;
			sourceTree = "<group>";
		};
		DACE5CC21D26E43E00080E5F /* Gyro */ = {
			isa = PBXGroup;
			children = (
				DACE5CC31D26E44E00080E5F /* MComponentGyro.swift */,
				DACE5CC51D26E52000080E5F /* MComponentGyroSummary.swift */,
			);
			path = Gyro;
			sourceTree = "<group>";
		};
		DAD00CF41D27108600BCDDAA /* Main */ = {
			isa = PBXGroup;
			children = (
				DAD00CF51D27109100BCDDAA /* VMainBar.swift */,
				DA94E20D1D28B77E002FF88B /* VMainBarButton.swift */,
				DA94E20F1D28B7D8002FF88B /* VMainBarButtonHistory.swift */,
				DA55F34E1D3314EA00BBF21F /* VMainBarButtonConfig.swift */,
				DA55F3501D33192E00BBF21F /* VMainBarButtonSummary.swift */,
				DA2C38BC1D30619800977D50 /* VMainLoader.swift */,
			);
			path = Main;
			sourceTree = "<group>";
		};
/* End PBXGroup section */

/* Begin PBXNativeTarget section */
		DA906DBD1D22F4AE0095B270 /* ubik */ = {
			isa = PBXNativeTarget;
			buildConfigurationList = DA906DDE1D22F4AF0095B270 /* Build configuration list for PBXNativeTarget "ubik" */;
			buildPhases = (
				DA906DBA1D22F4AE0095B270 /* Sources */,
				DA906DBB1D22F4AE0095B270 /* Frameworks */,
				DA906DBC1D22F4AE0095B270 /* Resources */,
			);
			buildRules = (
			);
			dependencies = (
			);
			name = ubik;
			productName = ubik;
			productReference = DA906DBE1D22F4AE0095B270 /* ubik.app */;
			productType = "com.apple.product-type.application";
		};
		DA906DD41D22F4AF0095B270 /* tests */ = {
			isa = PBXNativeTarget;
			buildConfigurationList = DA906DE11D22F4AF0095B270 /* Build configuration list for PBXNativeTarget "tests" */;
			buildPhases = (
				DA906DD11D22F4AF0095B270 /* Sources */,
				DA906DD21D22F4AF0095B270 /* Frameworks */,
				DA906DD31D22F4AF0095B270 /* Resources */,
			);
			buildRules = (
			);
			dependencies = (
				DA906DD71D22F4AF0095B270 /* PBXTargetDependency */,
			);
			name = tests;
			productName = ubikTests;
			productReference = DA906DD51D22F4AF0095B270 /* tests.xctest */;
			productType = "com.apple.product-type.bundle.unit-test";
		};
/* End PBXNativeTarget section */

/* Begin PBXProject section */
		DA906DB61D22F4AE0095B270 /* Project object */ = {
			isa = PBXProject;
			attributes = {
				LastSwiftUpdateCheck = 0730;
				LastUpgradeCheck = 0730;
				ORGANIZATIONNAME = zero;
				TargetAttributes = {
					DA906DBD1D22F4AE0095B270 = {
						CreatedOnToolsVersion = 7.3.1;
						DevelopmentTeam = 7AMWG3RLHN;
						SystemCapabilities = {
							com.apple.HealthKit = {
								enabled = 1;
							};
							com.apple.HomeKit = {
								enabled = 0;
							};
						};
					};
					DA906DD41D22F4AF0095B270 = {
						CreatedOnToolsVersion = 7.3.1;
						TestTargetID = DA906DBD1D22F4AE0095B270;
					};
				};
			};
			buildConfigurationList = DA906DB91D22F4AE0095B270 /* Build configuration list for PBXProject "ubik" */;
			compatibilityVersion = "Xcode 3.2";
			developmentRegion = English;
			hasScannedForEncodings = 0;
			knownRegions = (
				en,
			);
			mainGroup = DA906DB51D22F4AE0095B270;
			productRefGroup = DA906DBF1D22F4AE0095B270 /* Products */;
			projectDirPath = "";
			projectRoot = "";
			targets = (
				DA906DBD1D22F4AE0095B270 /* ubik */,
				DA906DD41D22F4AF0095B270 /* tests */,
			);
		};
/* End PBXProject section */

/* Begin PBXResourcesBuildPhase section */
		DA906DBC1D22F4AE0095B270 /* Resources */ = {
			isa = PBXResourcesBuildPhase;
			buildActionMask = 2147483647;
			files = (
				DAD00CFA1D27523300BCDDAA /* ui.xcassets in Resources */,
				DA2AFAD71D3D2EAB000B6E44 /* brand.xcassets in Resources */,
				DAAF3C941D2CADA300BBBD40 /* Localizable.strings in Resources */,
				DA906DF71D22F9490095B270 /* LaunchScreen.storyboard in Resources */,
			);
			runOnlyForDeploymentPostprocessing = 0;
		};
		DA906DD31D22F4AF0095B270 /* Resources */ = {
			isa = PBXResourcesBuildPhase;
			buildActionMask = 2147483647;
			files = (
			);
			runOnlyForDeploymentPostprocessing = 0;
		};
/* End PBXResourcesBuildPhase section */

/* Begin PBXSourcesBuildPhase section */
		DA906DBA1D22F4AE0095B270 /* Sources */ = {
			isa = PBXSourcesBuildPhase;
			buildActionMask = 2147483647;
			files = (
				DAA0054A1D2F3F97004B57FA /* COnboardingItemPermission.swift in Sources */,
				DA152B361D3E82A900568204 /* DUbikSession+CoreDataProperties.swift in Sources */,
				DACE5CC61D26E52000080E5F /* MComponentGyroSummary.swift in Sources */,
				DA97F30A1D389958008176E6 /* VHistoryChartSelector.swift in Sources */,
				DA152B341D3E82A900568204 /* DUbikHike+CoreDataProperties.swift in Sources */,
				DA152B3E1D3E968900568204 /* CLanding.swift in Sources */,
				DA55F34F1D3314EA00BBF21F /* VMainBarButtonConfig.swift in Sources */,
				DA2C7D221D3D1A2C005FFDB0 /* CSettings.swift in Sources */,
				DACE5CB91D26CA0800080E5F /* VSummary.swift in Sources */,
				DAB3443D1D2AB0E200406CEE /* MOnboardingItemLoading.swift in Sources */,
				DAB8F6C31D31CEC100236A00 /* MHealthAuthDelegate.swift in Sources */,
				DA581DBA1D42D66F00BF56C2 /* MSummaryItemEmpty.swift in Sources */,
				DAD00CF31D270DD600BCDDAA /* VSummaryHeader.swift in Sources */,
				DA581DB61D42D65700BF56C2 /* MSummaryEmpty.swift in Sources */,
				DAA005481D2F3C54004B57FA /* CategoryUIViewController.swift in Sources */,
				DA2C7D301D3D1F2F005FFDB0 /* MSettingsItemNotifications.swift in Sources */,
				DA152B431D3E9E7B00568204 /* MHealthLoadDelegate.swift in Sources */,
				DA4A47F61D41BE2400D8E065 /* MSummaryItemSteps.swift in Sources */,
				DA2C38BD1D30619800977D50 /* VMainLoader.swift in Sources */,
				DA152B471D3EA72D00568204 /* MHealthModelItem.swift in Sources */,
				DA906DF41D22F9490095B270 /* CMain.swift in Sources */,
				DAAF3C8A1D2C838700BBBD40 /* COnboardingItemWelcome.swift in Sources */,
				DA152B351D3E82A900568204 /* DUbikSession.swift in Sources */,
				DA152B391D3E841400568204 /* MSession.swift in Sources */,
				DA55F3541D33493D00BBF21F /* CHistory.swift in Sources */,
				DACE5CC41D26E44E00080E5F /* MComponentGyro.swift in Sources */,
				DA2C7D2A1D3D1EB4005FFDB0 /* MSettingsSection.swift in Sources */,
				DA2C7D1F1D3C5652005FFDB0 /* VHistoryChartDisplay.swift in Sources */,
				DA55F3571D334A0D00BBF21F /* VHistory.swift in Sources */,
				DAB8F6BA1D31BFE900236A00 /* MHealth.swift in Sources */,
				DAB344321D2AA48000406CEE /* COnboarding.swift in Sources */,
				DA152B451D3EA72100568204 /* MHealthModel.swift in Sources */,
				DAA076C91D35CE360039248D /* VHistoryChart.swift in Sources */,
				DA581DB81D42D66200BF56C2 /* MSummaryFilled.swift in Sources */,
				DA581DBC1D42D6D400BF56C2 /* MComponentPayEmpty.swift in Sources */,
				DA152B321D3E82A900568204 /* DUbikDevice+CoreDataProperties.swift in Sources */,
				DAA6785B1D2A23DF00DDD9CC /* MConfiguration.swift in Sources */,
				DA2C7D251D3D1A45005FFDB0 /* VSettings.swift in Sources */,
				DA2C7D2C1D3D1EBD005FFDB0 /* MSettingsItem.swift in Sources */,
				DA4A47E91D41B4BE00D8E065 /* VSummaryFooterCell.swift in Sources */,
				DAA005501D2F42DA004B57FA /* VOnboardingItemPermission.swift in Sources */,
				DA152B3B1D3E912900568204 /* CategoryNSManagerdObject.swift in Sources */,
				DA4A47F21D41BA3600D8E065 /* MComponentPayTime.swift in Sources */,
				DA2AFAD51D3D2594000B6E44 /* VSettingsCellCheck.swift in Sources */,
				DA4A47F81D41BE2E00D8E065 /* MSummaryItemTime.swift in Sources */,
				DA94E20E1D28B77E002FF88B /* VMainBarButton.swift in Sources */,
				DAA678641D2A25A100DDD9CC /* DManager.swift in Sources */,
				DAA0054E1D2F427C004B57FA /* COnboardingItemLoading.swift in Sources */,
				DA152B0F1D3E7EAB00568204 /* DUbikModel.xcdatamodeld in Sources */,
				DAAF3C911D2CAC6700BBBD40 /* CategoryUIFont.swift in Sources */,
				DA55F3511D33192E00BBF21F /* VMainBarButtonSummary.swift in Sources */,
				DA2C7D321D3D2529005FFDB0 /* VSettingsCell.swift in Sources */,
				DAA005541D2F42F3004B57FA /* VOnboardingItemReady.swift in Sources */,
				DACE5CB61D26C93D00080E5F /* CSummary.swift in Sources */,
				DAB344391D2AB0BB00406CEE /* MOnboardingItemWelcome.swift in Sources */,
				DA152B411D3E96B800568204 /* VLanding.swift in Sources */,
				DA2C7D1D1D3C4746005FFDB0 /* VHistoryChartTouch.swift in Sources */,
				DAE320701D33D8FE007FDC96 /* VSummaryHeaderCounter.swift in Sources */,
				DA2C7D281D3D1A56005FFDB0 /* MSettings.swift in Sources */,
				DA94E2101D28B7D8002FF88B /* VMainBarButtonHistory.swift in Sources */,
				DA2AFAD91D3D3500000B6E44 /* VSettingsHeader.swift in Sources */,
				DAB344371D2AAE8800406CEE /* MOnboardingItem.swift in Sources */,
				DA3E0ADA1D3DBAF000906E81 /* CategoryUILocalNotification.swift in Sources */,
				DAD00CFC1D2752B600BCDDAA /* VComponentGyroIcon.swift in Sources */,
				DAD00CF61D27109100BCDDAA /* VMainBar.swift in Sources */,
				DA152B121D3E810F00568204 /* DManagerModelUbik.swift in Sources */,
				DA152B331D3E82A900568204 /* DUbikHike.swift in Sources */,
				DAB3443B1D2AB0D700406CEE /* MOnboardingItemPermission.swift in Sources */,
				DAA076CD1D35D1390039248D /* CategoryUICollectionReusableView.swift in Sources */,
				DA55F34D1D33081D00BBF21F /* CategoryNSDate.swift in Sources */,
				DAA076D01D35D2950039248D /* MHistory.swift in Sources */,
				DACE5CBD1D26D5EF00080E5F /* CategoryUIColor.swift in Sources */,
				DA906DFB1D22FC700095B270 /* CMainParent.swift in Sources */,
				DAD00CF81D273E7000BCDDAA /* VComponentGyroBase.swift in Sources */,
				DAAF3C8D1D2C873800BBBD40 /* VOnboardingItemWelcome.swift in Sources */,
				DA4A47E71D41B43100D8E065 /* MSummaryItem.swift in Sources */,
				DACE5CC01D26D6B600080E5F /* VComponentGyro.swift in Sources */,
				DAA005521D2F42E6004B57FA /* VOnboardingItemLoading.swift in Sources */,
				DAA0DC681D23184C00F3EF29 /* CategoryNSFileManager.swift in Sources */,
				DA4A47EE1D41BA1D00D8E065 /* MComponentPay.swift in Sources */,
				DAD79D691D3A97B3001BBCF5 /* DManagerSaver.swift in Sources */,
				DADF024C1D35404C00FBFDA6 /* CategoryNSNotification.swift in Sources */,
				DA4A47F41D41BC4500D8E065 /* VComponentPayBase.swift in Sources */,
				DAA076CB1D35D0A90039248D /* VHistoryChartCell.swift in Sources */,
				DAA678651D2A25A100DDD9CC /* DManagerModel.swift in Sources */,
				DAB3443F1D2AB10800406CEE /* MOnboardingItemReady.swift in Sources */,
				DA2C7D2E1D3D1F21005FFDB0 /* MSettingsSectionConfig.swift in Sources */,
				DA4A47E51D41B37200D8E065 /* MSummary.swift in Sources */,
				DA4A47EB1D41B91800D8E065 /* VComponentPay.swift in Sources */,
				DAAF3C8F1D2C89C600BBBD40 /* COnboardingItem.swift in Sources */,
				DA4A47E21D41B0B100D8E065 /* VSummaryFooter.swift in Sources */,
				DA152B311D3E82A900568204 /* DUbikDevice.swift in Sources */,
				DAA0054C1D2F426F004B57FA /* COnboardingItemReady.swift in Sources */,
				DAA076D21D35D29D0039248D /* MHistoryItem.swift in Sources */,
				DAB344351D2AAE7C00406CEE /* MOnboarding.swift in Sources */,
				DACE5CBB1D26CAC200080E5F /* CMainController.swift in Sources */,
				DA4A47F01D41BA2900D8E065 /* MComponentPaySteps.swift in Sources */,
			);
			runOnlyForDeploymentPostprocessing = 0;
		};
		DA906DD11D22F4AF0095B270 /* Sources */ = {
			isa = PBXSourcesBuildPhase;
			buildActionMask = 2147483647;
			files = (
				DA906DFC1D22FD7A0095B270 /* tests.swift in Sources */,
			);
			runOnlyForDeploymentPostprocessing = 0;
		};
/* End PBXSourcesBuildPhase section */

/* Begin PBXTargetDependency section */
		DA906DD71D22F4AF0095B270 /* PBXTargetDependency */ = {
			isa = PBXTargetDependency;
			target = DA906DBD1D22F4AE0095B270 /* ubik */;
			targetProxy = DA906DD61D22F4AF0095B270 /* PBXContainerItemProxy */;
		};
/* End PBXTargetDependency section */

/* Begin PBXVariantGroup section */
		DA906DEE1D22F9490095B270 /* LaunchScreen.storyboard */ = {
			isa = PBXVariantGroup;
			children = (
				DA906DEF1D22F9490095B270 /* en */,
			);
			name = LaunchScreen.storyboard;
			sourceTree = "<group>";
		};
		DAAF3C921D2CADA300BBBD40 /* Localizable.strings */ = {
			isa = PBXVariantGroup;
			children = (
				DAAF3C931D2CADA300BBBD40 /* en */,
			);
			name = Localizable.strings;
			sourceTree = "<group>";
		};
/* End PBXVariantGroup section */

/* Begin XCBuildConfiguration section */
		DA906DDC1D22F4AF0095B270 /* Debug */ = {
			isa = XCBuildConfiguration;
			buildSettings = {
				ALWAYS_SEARCH_USER_PATHS = NO;
				CLANG_ANALYZER_NONNULL = YES;
				CLANG_CXX_LANGUAGE_STANDARD = "gnu++0x";
				CLANG_CXX_LIBRARY = "libc++";
				CLANG_ENABLE_MODULES = YES;
				CLANG_ENABLE_OBJC_ARC = YES;
				CLANG_WARN_BOOL_CONVERSION = YES;
				CLANG_WARN_CONSTANT_CONVERSION = YES;
				CLANG_WARN_DIRECT_OBJC_ISA_USAGE = YES_ERROR;
				CLANG_WARN_EMPTY_BODY = YES;
				CLANG_WARN_ENUM_CONVERSION = YES;
				CLANG_WARN_INT_CONVERSION = YES;
				CLANG_WARN_OBJC_ROOT_CLASS = YES_ERROR;
				CLANG_WARN_UNREACHABLE_CODE = YES;
				CLANG_WARN__DUPLICATE_METHOD_MATCH = YES;
				"CODE_SIGN_IDENTITY[sdk=iphoneos*]" = "iPhone Developer";
				COPY_PHASE_STRIP = NO;
				DEBUG_INFORMATION_FORMAT = dwarf;
				ENABLE_STRICT_OBJC_MSGSEND = YES;
				ENABLE_TESTABILITY = YES;
				GCC_C_LANGUAGE_STANDARD = gnu99;
				GCC_DYNAMIC_NO_PIC = NO;
				GCC_NO_COMMON_BLOCKS = YES;
				GCC_OPTIMIZATION_LEVEL = 0;
				GCC_PREPROCESSOR_DEFINITIONS = (
					"DEBUG=1",
					"$(inherited)",
				);
				GCC_WARN_64_TO_32_BIT_CONVERSION = YES;
				GCC_WARN_ABOUT_RETURN_TYPE = YES_ERROR;
				GCC_WARN_UNDECLARED_SELECTOR = YES;
				GCC_WARN_UNINITIALIZED_AUTOS = YES_AGGRESSIVE;
				GCC_WARN_UNUSED_FUNCTION = YES;
				GCC_WARN_UNUSED_VARIABLE = YES;
				IPHONEOS_DEPLOYMENT_TARGET = 9.0;
				MTL_ENABLE_DEBUG_INFO = YES;
				ONLY_ACTIVE_ARCH = YES;
				SDKROOT = iphoneos;
				SWIFT_OPTIMIZATION_LEVEL = "-Onone";
				TARGETED_DEVICE_FAMILY = "1,2";
			};
			name = Debug;
		};
		DA906DDD1D22F4AF0095B270 /* Release */ = {
			isa = XCBuildConfiguration;
			buildSettings = {
				ALWAYS_SEARCH_USER_PATHS = NO;
				CLANG_ANALYZER_NONNULL = YES;
				CLANG_CXX_LANGUAGE_STANDARD = "gnu++0x";
				CLANG_CXX_LIBRARY = "libc++";
				CLANG_ENABLE_MODULES = YES;
				CLANG_ENABLE_OBJC_ARC = YES;
				CLANG_WARN_BOOL_CONVERSION = YES;
				CLANG_WARN_CONSTANT_CONVERSION = YES;
				CLANG_WARN_DIRECT_OBJC_ISA_USAGE = YES_ERROR;
				CLANG_WARN_EMPTY_BODY = YES;
				CLANG_WARN_ENUM_CONVERSION = YES;
				CLANG_WARN_INT_CONVERSION = YES;
				CLANG_WARN_OBJC_ROOT_CLASS = YES_ERROR;
				CLANG_WARN_UNREACHABLE_CODE = YES;
				CLANG_WARN__DUPLICATE_METHOD_MATCH = YES;
				"CODE_SIGN_IDENTITY[sdk=iphoneos*]" = "iPhone Developer";
				COPY_PHASE_STRIP = NO;
				DEBUG_INFORMATION_FORMAT = "dwarf-with-dsym";
				ENABLE_NS_ASSERTIONS = NO;
				ENABLE_STRICT_OBJC_MSGSEND = YES;
				GCC_C_LANGUAGE_STANDARD = gnu99;
				GCC_NO_COMMON_BLOCKS = YES;
				GCC_WARN_64_TO_32_BIT_CONVERSION = YES;
				GCC_WARN_ABOUT_RETURN_TYPE = YES_ERROR;
				GCC_WARN_UNDECLARED_SELECTOR = YES;
				GCC_WARN_UNINITIALIZED_AUTOS = YES_AGGRESSIVE;
				GCC_WARN_UNUSED_FUNCTION = YES;
				GCC_WARN_UNUSED_VARIABLE = YES;
				IPHONEOS_DEPLOYMENT_TARGET = 9.0;
				MTL_ENABLE_DEBUG_INFO = NO;
				SDKROOT = iphoneos;
				TARGETED_DEVICE_FAMILY = "1,2";
				VALIDATE_PRODUCT = YES;
			};
			name = Release;
		};
		DA906DDF1D22F4AF0095B270 /* Debug */ = {
			isa = XCBuildConfiguration;
			buildSettings = {
				ASSETCATALOG_COMPILER_APPICON_NAME = AppIcon;
				CODE_SIGN_ENTITLEMENTS = ubik/ubik.entitlements;
				CODE_SIGN_IDENTITY = "iPhone Developer";
				INFOPLIST_FILE = ubik/Info.plist;
				LD_RUNPATH_SEARCH_PATHS = "$(inherited) @executable_path/Frameworks";
				PRODUCT_BUNDLE_IDENTIFIER = iturbide.ubik;
				PRODUCT_NAME = "$(TARGET_NAME)";
				TARGETED_DEVICE_FAMILY = 1;
			};
			name = Debug;
		};
		DA906DE01D22F4AF0095B270 /* Release */ = {
			isa = XCBuildConfiguration;
			buildSettings = {
				ASSETCATALOG_COMPILER_APPICON_NAME = AppIcon;
				CODE_SIGN_ENTITLEMENTS = ubik/ubik.entitlements;
				CODE_SIGN_IDENTITY = "iPhone Developer";
				INFOPLIST_FILE = ubik/Info.plist;
				LD_RUNPATH_SEARCH_PATHS = "$(inherited) @executable_path/Frameworks";
				PRODUCT_BUNDLE_IDENTIFIER = iturbide.ubik;
				PRODUCT_NAME = "$(TARGET_NAME)";
				TARGETED_DEVICE_FAMILY = 1;
			};
			name = Release;
		};
		DA906DE21D22F4AF0095B270 /* Debug */ = {
			isa = XCBuildConfiguration;
			buildSettings = {
				BUNDLE_LOADER = "$(TEST_HOST)";
				INFOPLIST_FILE = ubik/Test/Info.plist;
				LD_RUNPATH_SEARCH_PATHS = "$(inherited) @executable_path/Frameworks @loader_path/Frameworks";
				PRODUCT_BUNDLE_IDENTIFIER = iturbide.ubikTests;
				PRODUCT_NAME = "$(TARGET_NAME)";
				TEST_HOST = "$(BUILT_PRODUCTS_DIR)/ubik.app/ubik";
			};
			name = Debug;
		};
		DA906DE31D22F4AF0095B270 /* Release */ = {
			isa = XCBuildConfiguration;
			buildSettings = {
				BUNDLE_LOADER = "$(TEST_HOST)";
				INFOPLIST_FILE = ubik/Test/Info.plist;
				LD_RUNPATH_SEARCH_PATHS = "$(inherited) @executable_path/Frameworks @loader_path/Frameworks";
				PRODUCT_BUNDLE_IDENTIFIER = iturbide.ubikTests;
				PRODUCT_NAME = "$(TARGET_NAME)";
				TEST_HOST = "$(BUILT_PRODUCTS_DIR)/ubik.app/ubik";
			};
			name = Release;
		};
/* End XCBuildConfiguration section */

/* Begin XCConfigurationList section */
		DA906DB91D22F4AE0095B270 /* Build configuration list for PBXProject "ubik" */ = {
			isa = XCConfigurationList;
			buildConfigurations = (
				DA906DDC1D22F4AF0095B270 /* Debug */,
				DA906DDD1D22F4AF0095B270 /* Release */,
			);
			defaultConfigurationIsVisible = 0;
			defaultConfigurationName = Release;
		};
		DA906DDE1D22F4AF0095B270 /* Build configuration list for PBXNativeTarget "ubik" */ = {
			isa = XCConfigurationList;
			buildConfigurations = (
				DA906DDF1D22F4AF0095B270 /* Debug */,
				DA906DE01D22F4AF0095B270 /* Release */,
			);
			defaultConfigurationIsVisible = 0;
			defaultConfigurationName = Release;
		};
		DA906DE11D22F4AF0095B270 /* Build configuration list for PBXNativeTarget "tests" */ = {
			isa = XCConfigurationList;
			buildConfigurations = (
				DA906DE21D22F4AF0095B270 /* Debug */,
				DA906DE31D22F4AF0095B270 /* Release */,
			);
			defaultConfigurationIsVisible = 0;
			defaultConfigurationName = Release;
		};
/* End XCConfigurationList section */

/* Begin XCVersionGroup section */
		DA152B0D1D3E7EAB00568204 /* DUbikModel.xcdatamodeld */ = {
			isa = XCVersionGroup;
			children = (
				DA152B0E1D3E7EAB00568204 /* DUbikModel.xcdatamodel */,
			);
			currentVersion = DA152B0E1D3E7EAB00568204 /* DUbikModel.xcdatamodel */;
			path = DUbikModel.xcdatamodeld;
			sourceTree = "<group>";
			versionGroupType = wrapper.xcdatamodel;
		};
/* End XCVersionGroup section */
	};
	rootObject = DA906DB61D22F4AE0095B270 /* Project object */;
}
